
Microsoft Visual Studio Solution File, Format Version 12.00
# Visual Studio Version 16
VisualStudioVersion = 16.0.30717.126
MinimumVisualStudioVersion = 10.0.40219.1
Project("{FAE04EC0-301F-11D3-BF4B-00C04F79EFBC}") = "MyExpenses", "MyExpenses.csproj", "{2840EEB7-9934-4FF4-93F8-E67D1567EEAF}"
EndProject
Global
	GlobalSection(SolutionConfigurationPlatforms) = preSolution
		Debug|Any CPU = Debug|Any CPU
		Release|Any CPU = Release|Any CPU
	EndGlobalSection
	GlobalSection(ProjectConfigurationPlatforms) = postSolution
		{2840EEB7-9934-4FF4-93F8-E67D1567EEAF}.Debug|Any CPU.ActiveCfg = Debug|Any CPU
		{2840EEB7-9934-4FF4-93F8-E67D1567EEAF}.Debug|Any CPU.Build.0 = Debug|Any CPU
		{2840EEB7-9934-4FF4-93F8-E67D1567EEAF}.Release|Any CPU.ActiveCfg = Release|Any CPU
		{2840EEB7-9934-4FF4-93F8-E67D1567EEAF}.Release|Any CPU.Build.0 = Release|Any CPU
	EndGlobalSection
	GlobalSection(SolutionProperties) = preSolution
		HideSolutionNode = FALSE
	EndGlobalSection
	GlobalSection(ExtensibilityGlobals) = postSolution
		SolutionGuid = {B97887A3-3356-41E8-B16A-8DA94C46DBE4}
	EndGlobalSection
EndGlobal
